// !$*UTF8*$!
{
	archiveVersion = 1;
	classes = {
	};
	objectVersion = 60;
	objects = {

/* Begin PBXBuildFile section */
		A0B1C2D3E4F5061728394A5B /* OverviewPerformanceCounters.swift in Sources */ = {isa = PBXBuildFile; fileRef = B0C1D2E3F405162738495A6B /* OverviewPerformanceCounters.swift */; };
		DADADA000000000000000001 /* AIKnowledgeContext.swift in Sources */ = {isa = PBXBuildFile; fileRef = DADADA000000000000000002 /* AIKnowledgeContext.swift */; };
		A1A1A1A1A1A1A1A1A1A1A1A1 /* AIProviderFramework.swift in Sources */ = {isa = PBXBuildFile; fileRef = B1B1B1B1B1B1B1B1B1B1B1B1 /* AIProviderFramework.swift */; };
		F10000000000000000000001 /* SwiftTerm in Frameworks */ = {isa = PBXBuildFile; productRef = F10000000000000000000002 /* SwiftTerm */; };
		B10000000000000000000002 /* BrandViews.swift in Sources */ = {isa = PBXBuildFile; fileRef = B10000000000000000000001 /* BrandViews.swift */; };
		KB0000010000000000000001 /* KnowledgeBase.swift in Sources */ = {isa = PBXBuildFile; fileRef = KB0000020000000000000001 /* KnowledgeBase.swift */; };
		B10000000000000000000004 /* ABSDEVStudioDocument.icns in Resources */ = {isa = PBXBuildFile; fileRef = B10000000000000000000003 /* ABSDEVStudioDocument.icns */; };
		0DACCA8DEA027B0147E30EEE /* FeatureViews.swift in Sources */ = {isa = PBXBuildFile; fileRef = 0D756439CB8C6D97527D2099 /* FeatureViews.swift */; };
		0DF4F4C6D74E4F9B71B6707B /* ABSDEVStudioApp.swift in Sources */ = {isa = PBXBuildFile; fileRef = 151859DB767965542C5506EF /* ABSDEVStudioApp.swift */; };
		222F0DBFFE5EB23DCD3FD16F /* Assets.xcassets in Resources */ = {isa = PBXBuildFile; fileRef = 6C36FFE920F24CEDB7CFDBFC /* Assets.xcassets */; };
		54868FD03BCB032E4C153D5F /* SharedViews.swift in Sources */ = {isa = PBXBuildFile; fileRef = 867D8A179010B63034C1EDCF /* SharedViews.swift */; };
		62D168663CE0664E79905E49 /* AppStore.swift in Sources */ = {isa = PBXBuildFile; fileRef = 09D0AE97EB146CB4AF71E000 /* AppStore.swift */; };
		AA0000010000000000000001 /* ContainerModels.swift in Sources */ = {isa = PBXBuildFile; fileRef = AA0000020000000000000001 /* ContainerModels.swift */; };
		AA0000010000000000000002 /* ContainerStore.swift in Sources */ = {isa = PBXBuildFile; fileRef = AA0000020000000000000002 /* ContainerStore.swift */; };
		AA0000010000000000000003 /* ContainersView.swift in Sources */ = {isa = PBXBuildFile; fileRef = AA0000020000000000000003 /* ContainersView.swift */; };
		6F2C430116C28F071737F360 /* MoreFeatureViews.swift in Sources */ = {isa = PBXBuildFile; fileRef = A4491ACF097D667B51A7CD6F /* MoreFeatureViews.swift */; };
		ADF0DAAB2D97FFE01582AB87 /* OverviewView.swift in Sources */ = {isa = PBXBuildFile; fileRef = 8A0C02CAA52394519140A4FA /* OverviewView.swift */; };
		C28E3B592A560C32484F497E /* Models.swift in Sources */ = {isa = PBXBuildFile; fileRef = 78FD430803560F137BDECEE8 /* Models.swift */; };
		D07D33E6EB9F55B36B8D3605 /* RootView.swift in Sources */ = {isa = PBXBuildFile; fileRef = A7E7393E9EFBFE23C0522857 /* RootView.swift */; };
		EF8431AC2777E551414F7BB6 /* SettingsView.swift in Sources */ = {isa = PBXBuildFile; fileRef = F557E7613C522594926CEB0D /* SettingsView.swift */; };
		A1B2C3D4E5F60718293A4B5C /* LaravelControlCentreViews.swift in Sources */ = {isa = PBXBuildFile; fileRef = B1C2D3E4F5061728394A5B6C /* LaravelControlCentreViews.swift */; };
		D1E2F3A4B5C60718293A4B5C /* OpenWebUI.swift in Sources */ = {isa = PBXBuildFile; fileRef = E1F2A3B4C5D60718293A4B5C /* OpenWebUI.swift */; };
		C0FFEE000000000000000001 /* LMStudio.swift in Sources */ = {isa = PBXBuildFile; fileRef = C0FFEE000000000000000002 /* LMStudio.swift */; };
		A7B8C9D0E1F2031425364758 /* MCP.swift in Sources */ = {isa = PBXBuildFile; fileRef = B8C9D0E1F203142536475869 /* MCP.swift */; };
		C1D2E3F405162738495A6B7C /* EmbeddedMCPServer.swift in Sources */ = {isa = PBXBuildFile; fileRef = D2E3F405162738495A6B7C8D /* EmbeddedMCPServer.swift */; };
/* End PBXBuildFile section */

/* Begin PBXFileReference section */
		B0C1D2E3F405162738495A6B /* OverviewPerformanceCounters.swift */ = {isa = PBXFileReference; lastKnownFileType = sourcecode.swift; path = OverviewPerformanceCounters.swift; sourceTree = "<group>"; };
		DADADA000000000000000002 /* AIKnowledgeContext.swift */ = {isa = PBXFileReference; lastKnownFileType = sourcecode.swift; path = AIKnowledgeContext.swift; sourceTree = "<group>"; };
		B1B1B1B1B1B1B1B1B1B1B1B1 /* AIProviderFramework.swift */ = {isa = PBXFileReference; lastKnownFileType = sourcecode.swift; path = AIProviderFramework.swift; sourceTree = "<group>"; };
		B10000000000000000000001 /* BrandViews.swift */ = {isa = PBXFileReference; lastKnownFileType = sourcecode.swift; path = BrandViews.swift; sourceTree = "<group>"; };
		KB0000020000000000000001 /* KnowledgeBase.swift */ = {isa = PBXFileReference; lastKnownFileType = sourcecode.swift; path = KnowledgeBase.swift; sourceTree = "<group>"; };
		B10000000000000000000003 /* ABSDEVStudioDocument.icns */ = {isa = PBXFileReference; lastKnownFileType = image.icns; path = ABSDEVStudioDocument.icns; sourceTree = "<group>"; };
		09D0AE97EB146CB4AF71E000 /* AppStore.swift */ = {isa = PBXFileReference; lastKnownFileType = sourcecode.swift; path = AppStore.swift; sourceTree = "<group>"; };
		AA0000020000000000000001 /* ContainerModels.swift */ = {isa = PBXFileReference; lastKnownFileType = sourcecode.swift; path = ContainerModels.swift; sourceTree = "<group>"; };
		AA0000020000000000000002 /* ContainerStore.swift */ = {isa = PBXFileReference; lastKnownFileType = sourcecode.swift; path = ContainerStore.swift; sourceTree = "<group>"; };
		AA0000020000000000000003 /* ContainersView.swift */ = {isa = PBXFileReference; lastKnownFileType = sourcecode.swift; path = ContainersView.swift; sourceTree = "<group>"; };
		0D756439CB8C6D97527D2099 /* FeatureViews.swift */ = {isa = PBXFileReference; lastKnownFileType = sourcecode.swift; path = FeatureViews.swift; sourceTree = "<group>"; };
		151859DB767965542C5506EF /* ABSDEVStudioApp.swift */ = {isa = PBXFileReference; lastKnownFileType = sourcecode.swift; path = ABSDEVStudioApp.swift; sourceTree = "<group>"; };
		68E77A9D7BC78A97D4F4E27B /* Info.plist */ = {isa = PBXFileReference; lastKnownFileType = text.plist.xml; path = Info.plist; sourceTree = "<group>"; };
		6C36FFE920F24CEDB7CFDBFC /* Assets.xcassets */ = {isa = PBXFileReference; lastKnownFileType = folder.assetcatalog; path = Assets.xcassets; sourceTree = "<group>"; };
		78FD430803560F137BDECEE8 /* Models.swift */ = {isa = PBXFileReference; lastKnownFileType = sourcecode.swift; path = Models.swift; sourceTree = "<group>"; };
		867D8A179010B63034C1EDCF /* SharedViews.swift */ = {isa = PBXFileReference; lastKnownFileType = sourcecode.swift; path = SharedViews.swift; sourceTree = "<group>"; };
		8A0C02CAA52394519140A4FA /* OverviewView.swift */ = {isa = PBXFileReference; lastKnownFileType = sourcecode.swift; path = OverviewView.swift; sourceTree = "<group>"; };
		A4491ACF097D667B51A7CD6F /* MoreFeatureViews.swift */ = {isa = PBXFileReference; lastKnownFileType = sourcecode.swift; path = MoreFeatureViews.swift; sourceTree = "<group>"; };
		A7E7393E9EFBFE23C0522857 /* RootView.swift */ = {isa = PBXFileReference; lastKnownFileType = sourcecode.swift; path = RootView.swift; sourceTree = "<group>"; };
		B6CDB6E5D160E013280D3C68 /* ABSDEVStudio.app */ = {isa = PBXFileReference; explicitFileType = wrapper.application; includeInIndex = 0; path = ABSDEVStudio.app; sourceTree = BUILT_PRODUCTS_DIR; };
		E8CE4721331CF75E9478C7F2 /* ABSDEVStudio.entitlements */ = {isa = PBXFileReference; lastKnownFileType = text.plist.entitlements; path = ABSDEVStudio.entitlements; sourceTree = "<group>"; };
		F557E7613C522594926CEB0D /* SettingsView.swift */ = {isa = PBXFileReference; lastKnownFileType = sourcecode.swift; path = SettingsView.swift; sourceTree = "<group>"; };
		B1C2D3E4F5061728394A5B6C /* LaravelControlCentreViews.swift */ = {isa = PBXFileReference; lastKnownFileType = sourcecode.swift; path = LaravelControlCentreViews.swift; sourceTree = "<group>"; };
		E1F2A3B4C5D60718293A4B5C /* OpenWebUI.swift */ = {isa = PBXFileReference; lastKnownFileType = sourcecode.swift; path = OpenWebUI.swift; sourceTree = "<group>"; };
		C0FFEE000000000000000002 /* LMStudio.swift */ = {isa = PBXFileReference; lastKnownFileType = sourcecode.swift; path = LMStudio.swift; sourceTree = "<group>"; };
		B8C9D0E1F203142536475869 /* MCP.swift */ = {isa = PBXFileReference; lastKnownFileType = sourcecode.swift; path = MCP.swift; sourceTree = "<group>"; };
		D2E3F405162738495A6B7C8D /* EmbeddedMCPServer.swift */ = {isa = PBXFileReference; lastKnownFileType = sourcecode.swift; path = EmbeddedMCPServer.swift; sourceTree = "<group>"; };
/* End PBXFileReference section */

/* Begin PBXFrameworksBuildPhase section */
		CF5BDB0BEAFE176F9629192A /* Frameworks */ = {
			isa = PBXFrameworksBuildPhase;
			buildActionMask = 2147483647;
			files = (
				F10000000000000000000001 /* SwiftTerm in Frameworks */,
			);
			runOnlyForDeploymentPostprocessing = 0;
		};
/* End PBXFrameworksBuildPhase section */

/* Begin PBXGroup section */
		00C45FD35CB0F9C5F764F070 /* Products */ = {
			isa = PBXGroup;
			children = (
				B6CDB6E5D160E013280D3C68 /* ABSDEVStudio.app */,
			);
			name = Products;
			sourceTree = "<group>";
		};
		22D02A9EFAC9B3FBBAEBE062 /* Resources */ = {
			isa = PBXGroup;
			children = (
				6C36FFE920F24CEDB7CFDBFC /* Assets.xcassets */,
				B10000000000000000000003 /* ABSDEVStudioDocument.icns */,
			);
			path = Resources;
			sourceTree = "<group>";
		};
		9642F1047C1002A1EE72F0DB /* Sources */ = {
			isa = PBXGroup;
			children = (
				09D0AE97EB146CB4AF71E000 /* AppStore.swift */,
				AA0000020000000000000001 /* ContainerModels.swift */,
				AA0000020000000000000002 /* ContainerStore.swift */,
				AA0000020000000000000003 /* ContainersView.swift */,
				B10000000000000000000001 /* BrandViews.swift */,
				KB0000020000000000000001 /* KnowledgeBase.swift */,
				0D756439CB8C6D97527D2099 /* FeatureViews.swift */,
				151859DB767965542C5506EF /* ABSDEVStudioApp.swift */,
				78FD430803560F137BDECEE8 /* Models.swift */,
				A4491ACF097D667B51A7CD6F /* MoreFeatureViews.swift */,
				B1C2D3E4F5061728394A5B6C /* LaravelControlCentreViews.swift */,
				8A0C02CAA52394519140A4FA /* OverviewView.swift */,
				B0C1D2E3F405162738495A6B /* OverviewPerformanceCounters.swift */,
				A7E7393E9EFBFE23C0522857 /* RootView.swift */,
				F557E7613C522594926CEB0D /* SettingsView.swift */,
				E1F2A3B4C5D60718293A4B5C /* OpenWebUI.swift */,
				C0FFEE000000000000000002 /* LMStudio.swift */,
				B1B1B1B1B1B1B1B1B1B1B1B1 /* AIProviderFramework.swift */,
				DADADA000000000000000002 /* AIKnowledgeContext.swift */,
				B8C9D0E1F203142536475869 /* MCP.swift */,
				D2E3F405162738495A6B7C8D /* EmbeddedMCPServer.swift */,
				867D8A179010B63034C1EDCF /* SharedViews.swift */,
			);
			name = Sources;
			path = Sources/ABSDEVStudio;
			sourceTree = "<group>";
		};
		ADCF10F76EBF2A74473E9DC4 = {
			isa = PBXGroup;
			children = (
				9642F1047C1002A1EE72F0DB /* Sources */,
				22D02A9EFAC9B3FBBAEBE062 /* Resources */,
				68E77A9D7BC78A97D4F4E27B /* Info.plist */,
				E8CE4721331CF75E9478C7F2 /* ABSDEVStudio.entitlements */,
				00C45FD35CB0F9C5F764F070 /* Products */,
			);
			sourceTree = "<group>";
		};
/* End PBXGroup section */

/* Begin PBXNativeTarget section */
		29C7B681C8D62CBAC94D51C0 /* ABSDEVStudio */ = {
			isa = PBXNativeTarget;
			buildConfigurationList = D28A2B497FA98060CD1B56AC /* Build configuration list for PBXNativeTarget "ABSDEVStudio" */;
			buildPhases = (
				1CDF2F71A52B082132B04DFF /* Sources */,
				CF5BDB0BEAFE176F9629192A /* Frameworks */,
				C02F1309AF4906C92F1EAD44 /* Resources */,
			);
			buildRules = (
			);
			dependencies = (
			);
			name = ABSDEVStudio;
			packageProductDependencies = (
				F10000000000000000000002 /* SwiftTerm */,
			);
			productName = ABSDEVStudio;
			productReference = B6CDB6E5D160E013280D3C68 /* ABSDEVStudio.app */;
			productType = "com.apple.product-type.application";
		};
/* End PBXNativeTarget section */

/* Begin PBXProject section */
		98F54143AB4E86B28C3AFEE0 /* Project object */ = {
			isa = PBXProject;
			attributes = {
				BuildIndependentTargetsInParallel = 1;
				LastSwiftUpdateCheck = 1600;
				LastUpgradeCheck = 1600;
				TargetAttributes = {
					29C7B681C8D62CBAC94D51C0 = {
						CreatedOnToolsVersion = 16.0;
					};
				};
			};
			buildConfigurationList = 3D29D9F3A882C4202964FB56 /* Build configuration list for PBXProject "ABSDEVStudio" */;
			compatibilityVersion = "Xcode 15.0";
			developmentRegion = en;
			hasScannedForEncodings = 0;
			knownRegions = (
				en,
				Base,
			);
			mainGroup = ADCF10F76EBF2A74473E9DC4;
			packageReferences = (
				F10000000000000000000003 /* XCRemoteSwiftPackageReference "SwiftTerm" */,
			);
			productRefGroup = 00C45FD35CB0F9C5F764F070 /* Products */;
			projectDirPath = "";
			projectRoot = "";
			targets = (
				29C7B681C8D62CBAC94D51C0 /* ABSDEVStudio */,
			);
		};
/* End PBXProject section */

/* Begin PBXResourcesBuildPhase section */
		C02F1309AF4906C92F1EAD44 /* Resources */ = {
			isa = PBXResourcesBuildPhase;
			buildActionMask = 2147483647;
			files = (
				222F0DBFFE5EB23DCD3FD16F /* Assets.xcassets in Resources */,
				B10000000000000000000004 /* ABSDEVStudioDocument.icns in Resources */,
			);
			runOnlyForDeploymentPostprocessing = 0;
		};
/* End PBXResourcesBuildPhase section */

/* Begin PBXSourcesBuildPhase section */
		1CDF2F71A52B082132B04DFF /* Sources */ = {
			isa = PBXSourcesBuildPhase;
			buildActionMask = 2147483647;
			files = (
				62D168663CE0664E79905E49 /* AppStore.swift in Sources */,
				AA0000010000000000000001 /* ContainerModels.swift in Sources */,
				AA0000010000000000000002 /* ContainerStore.swift in Sources */,
				AA0000010000000000000003 /* ContainersView.swift in Sources */,
				B10000000000000000000002 /* BrandViews.swift in Sources */,
				KB0000010000000000000001 /* KnowledgeBase.swift in Sources */,
				0DACCA8DEA027B0147E30EEE /* FeatureViews.swift in Sources */,
				0DF4F4C6D74E4F9B71B6707B /* ABSDEVStudioApp.swift in Sources */,
				C28E3B592A560C32484F497E /* Models.swift in Sources */,
				6F2C430116C28F071737F360 /* MoreFeatureViews.swift in Sources */,
				A1B2C3D4E5F60718293A4B5C /* LaravelControlCentreViews.swift in Sources */,
				ADF0DAAB2D97FFE01582AB87 /* OverviewView.swift in Sources */,
				A0B1C2D3E4F5061728394A5B /* OverviewPerformanceCounters.swift in Sources */,
				D07D33E6EB9F55B36B8D3605 /* RootView.swift in Sources */,
				EF8431AC2777E551414F7BB6 /* SettingsView.swift in Sources */,
				D1E2F3A4B5C60718293A4B5C /* OpenWebUI.swift in Sources */,
				C0FFEE000000000000000001 /* LMStudio.swift in Sources */,
				A1A1A1A1A1A1A1A1A1A1A1A1 /* AIProviderFramework.swift in Sources */,
				DADADA000000000000000001 /* AIKnowledgeContext.swift in Sources */,
				A7B8C9D0E1F2031425364758 /* MCP.swift in Sources */,
				C1D2E3F405162738495A6B7C /* EmbeddedMCPServer.swift in Sources */,
				54868FD03BCB032E4C153D5F /* SharedViews.swift in Sources */,
			);
			runOnlyForDeploymentPostprocessing = 0;
		};
/* End PBXSourcesBuildPhase section */

/* Begin XCRemoteSwiftPackageReference section */
		F10000000000000000000003 /* XCRemoteSwiftPackageReference "SwiftTerm" */ = {
			isa = XCRemoteSwiftPackageReference;
			repositoryURL = "https://github.com/migueldeicaza/SwiftTerm.git";
			requirement = {
				kind = upToNextMajorVersion;
				minimumVersion = 1.5.0;
			};
		};
/* End XCRemoteSwiftPackageReference section */

/* Begin XCSwiftPackageProductDependency section */
		F10000000000000000000002 /* SwiftTerm */ = {
			isa = XCSwiftPackageProductDependency;
			package = F10000000000000000000003 /* XCRemoteSwiftPackageReference "SwiftTerm" */;
			productName = SwiftTerm;
		};
/* End XCSwiftPackageProductDependency section */

/* Begin XCBuildConfiguration section */
		45A51FDE45C8C9313F9CC216 /* Release */ = {
			isa = XCBuildConfiguration;
			buildSettings = {
				ALWAYS_SEARCH_USER_PATHS = NO;
				CLANG_ANALYZER_NONNULL = YES;
				CLANG_ANALYZER_NUMBER_OBJECT_CONVERSION = YES_AGGRESSIVE;
				CLANG_CXX_LANGUAGE_STANDARD = "gnu++20";
				CLANG_ENABLE_MODULES = YES;
				CLANG_ENABLE_OBJC_ARC = YES;
				CLANG_ENABLE_OBJC_WEAK = YES;
				CLANG_WARN_BLOCK_CAPTURE_AUTORELEASING = YES;
				CLANG_WARN_BOOL_CONVERSION = YES;
				CLANG_WARN_COMMA = YES;
				CLANG_WARN_CONSTANT_CONVERSION = YES;
				CLANG_WARN_DEPRECATED_OBJC_IMPLEMENTATIONS = YES;
				CLANG_WARN_DIRECT_OBJC_ISA_USAGE = YES_ERROR;
				CLANG_WARN_DOCUMENTATION_COMMENTS = YES;
				CLANG_WARN_EMPTY_BODY = YES;
				CLANG_WARN_ENUM_CONVERSION = YES;
				CLANG_WARN_INFINITE_RECURSION = YES;
				CLANG_WARN_INT_CONVERSION = YES;
				CLANG_WARN_NON_LITERAL_NULL_CONVERSION = YES;
				CLANG_WARN_OBJC_IMPLICIT_RETAIN_SELF = YES;
				CLANG_WARN_OBJC_LITERAL_CONVERSION = YES;
				CLANG_WARN_OBJC_ROOT_CLASS = YES_ERROR;
				CLANG_WARN_QUOTED_INCLUDE_IN_FRAMEWORK_HEADER = YES;
				CLANG_WARN_RANGE_LOOP_ANALYSIS = YES;
				CLANG_WARN_STRICT_PROTOTYPES = YES;
				CLANG_WARN_SUSPICIOUS_MOVE = YES;
				CLANG_WARN_UNGUARDED_AVAILABILITY = YES_AGGRESSIVE;
				CLANG_WARN_UNREACHABLE_CODE = YES;
				CLANG_WARN__DUPLICATE_METHOD_MATCH = YES;
				COPY_PHASE_STRIP = NO;
				DEBUG_INFORMATION_FORMAT = "dwarf-with-dsym";
				ENABLE_NS_ASSERTIONS = NO;
				ENABLE_STRICT_OBJC_MSGSEND = YES;
				GCC_C_LANGUAGE_STANDARD = gnu17;
				GCC_NO_COMMON_BLOCKS = YES;
				GCC_WARN_64_TO_32_BIT_CONVERSION = YES;
				GCC_WARN_ABOUT_RETURN_TYPE = YES_ERROR;
				GCC_WARN_UNDECLARED_SELECTOR = YES;
				GCC_WARN_UNINITIALIZED_AUTOS = YES_AGGRESSIVE;
				GCC_WARN_UNUSED_FUNCTION = YES;
				GCC_WARN_UNUSED_VARIABLE = YES;
				MACOSX_DEPLOYMENT_TARGET = 14.0;
				SDKROOT = macosx;
				SWIFT_COMPILATION_MODE = wholemodule;
				SWIFT_VERSION = 5.0;
			};
			name = Release;
		};
		9586E89FBE346731A8FAC1E8 /* Debug */ = {
			isa = XCBuildConfiguration;
			buildSettings = {
				ASSETCATALOG_COMPILER_APPICON_NAME = AppIcon;
				ASSETCATALOG_COMPILER_INCLUDE_ALL_APPICON_ASSETS = YES;
				ASSETCATALOG_COMPILER_GLOBAL_ACCENT_COLOR_NAME = AccentColor;
				CODE_SIGN_ENTITLEMENTS = ABSDEVStudio.entitlements;
				CODE_SIGN_STYLE = Automatic;
				COMBINE_HIDPI_IMAGES = YES;
				CURRENT_PROJECT_VERSION = 1;
				DEVELOPMENT_TEAM = 39R6U3437D;
				ENABLE_HARDENED_RUNTIME = YES;
				GENERATE_INFOPLIST_FILE = NO;
				INFOPLIST_FILE = Info.plist;
				LD_RUNPATH_SEARCH_PATHS = (
					"$(inherited)",
					"@executable_path/../Frameworks",
				);
				MARKETING_VERSION = 1.0;
				PRODUCT_BUNDLE_IDENTIFIER = com.absdev.studio;
				PRODUCT_NAME = "$(TARGET_NAME)";
				SWIFT_EMIT_LOC_STRINGS = YES;
				SWIFT_STRICT_CONCURRENCY = minimal;
			};
			name = Debug;
		};
		C08309BB1D0C93C4165F9DF3 /* Release */ = {
			isa = XCBuildConfiguration;
			buildSettings = {
				ASSETCATALOG_COMPILER_APPICON_NAME = AppIcon;
				ASSETCATALOG_COMPILER_INCLUDE_ALL_APPICON_ASSETS = YES;
				ASSETCATALOG_COMPILER_GLOBAL_ACCENT_COLOR_NAME = AccentColor;
				CODE_SIGN_ENTITLEMENTS = ABSDEVStudio.entitlements;
				CODE_SIGN_STYLE = Automatic;
				COMBINE_HIDPI_IMAGES = YES;
				CURRENT_PROJECT_VERSION = 1;
				DEVELOPMENT_TEAM = 39R6U3437D;
				ENABLE_HARDENED_RUNTIME = YES;
				GENERATE_INFOPLIST_FILE = NO;
				INFOPLIST_FILE = Info.plist;
				LD_RUNPATH_SEARCH_PATHS = (
					"$(inherited)",
					"@executable_path/../Frameworks",
				);
				MARKETING_VERSION = 1.0;
				PRODUCT_BUNDLE_IDENTIFIER = com.absdev.studio;
				PRODUCT_NAME = "$(TARGET_NAME)";
				SWIFT_EMIT_LOC_STRINGS = YES;
				SWIFT_STRICT_CONCURRENCY = minimal;
			};
			name = Release;
		};
		E3EBCBBFB33611052F1F254E /* Debug */ = {
			isa = XCBuildConfiguration;
			buildSettings = {
				ALWAYS_SEARCH_USER_PATHS = NO;
				CLANG_ANALYZER_NONNULL = YES;
				CLANG_ANALYZER_NUMBER_OBJECT_CONVERSION = YES_AGGRESSIVE;
				CLANG_CXX_LANGUAGE_STANDARD = "gnu++20";
				CLANG_ENABLE_MODULES = YES;
				CLANG_ENABLE_OBJC_ARC = YES;
				CLANG_ENABLE_OBJC_WEAK = YES;
				CLANG_WARN_BLOCK_CAPTURE_AUTORELEASING = YES;
				CLANG_WARN_BOOL_CONVERSION = YES;
				CLANG_WARN_COMMA = YES;
				CLANG_WARN_CONSTANT_CONVERSION = YES;
				CLANG_WARN_DEPRECATED_OBJC_IMPLEMENTATIONS = YES;
				CLANG_WARN_DIRECT_OBJC_ISA_USAGE = YES_ERROR;
				CLANG_WARN_DOCUMENTATION_COMMENTS = YES;
				CLANG_WARN_EMPTY_BODY = YES;
				CLANG_WARN_ENUM_CONVERSION = YES;
				CLANG_WARN_INFINITE_RECURSION = YES;
				CLANG_WARN_INT_CONVERSION = YES;
				CLANG_WARN_NON_LITERAL_NULL_CONVERSION = YES;
				CLANG_WARN_OBJC_IMPLICIT_RETAIN_SELF = YES;
				CLANG_WARN_OBJC_LITERAL_CONVERSION = YES;
				CLANG_WARN_OBJC_ROOT_CLASS = YES_ERROR;
				CLANG_WARN_QUOTED_INCLUDE_IN_FRAMEWORK_HEADER = YES;
				CLANG_WARN_RANGE_LOOP_ANALYSIS = YES;
				CLANG_WARN_STRICT_PROTOTYPES = YES;
				CLANG_WARN_SUSPICIOUS_MOVE = YES;
				CLANG_WARN_UNGUARDED_AVAILABILITY = YES_AGGRESSIVE;
				CLANG_WARN_UNREACHABLE_CODE = YES;
				CLANG_WARN__DUPLICATE_METHOD_MATCH = YES;
				COPY_PHASE_STRIP = NO;
				DEBUG_INFORMATION_FORMAT = dwarf;
				ENABLE_STRICT_OBJC_MSGSEND = YES;
				ENABLE_TESTABILITY = YES;
				GCC_C_LANGUAGE_STANDARD = gnu17;
				GCC_NO_COMMON_BLOCKS = YES;
				GCC_OPTIMIZATION_LEVEL = 0;
				GCC_WARN_64_TO_32_BIT_CONVERSION = YES;
				GCC_WARN_ABOUT_RETURN_TYPE = YES_ERROR;
				GCC_WARN_UNDECLARED_SELECTOR = YES;
				GCC_WARN_UNINITIALIZED_AUTOS = YES_AGGRESSIVE;
				GCC_WARN_UNUSED_FUNCTION = YES;
				GCC_WARN_UNUSED_VARIABLE = YES;
				MACOSX_DEPLOYMENT_TARGET = 14.0;
				ONLY_ACTIVE_ARCH = YES;
				SDKROOT = macosx;
				SWIFT_ACTIVE_COMPILATION_CONDITIONS = DEBUG;
				SWIFT_OPTIMIZATION_LEVEL = "-Onone";
				SWIFT_VERSION = 5.0;
			};
			name = Debug;
		};
/* End XCBuildConfiguration section */

/* Begin XCConfigurationList section */
		3D29D9F3A882C4202964FB56 /* Build configuration list for PBXProject "ABSDEVStudio" */ = {
			isa = XCConfigurationList;
			buildConfigurations = (
				E3EBCBBFB33611052F1F254E /* Debug */,
				45A51FDE45C8C9313F9CC216 /* Release */,
			);
			defaultConfigurationIsVisible = 0;
			defaultConfigurationName = Release;
		};
		D28A2B497FA98060CD1B56AC /* Build configuration list for PBXNativeTarget "ABSDEVStudio" */ = {
			isa = XCConfigurationList;
			buildConfigurations = (
				9586E89FBE346731A8FAC1E8 /* Debug */,
				C08309BB1D0C93C4165F9DF3 /* Release */,
			);
			defaultConfigurationIsVisible = 0;
			defaultConfigurationName = Release;
		};
/* End XCConfigurationList section */
	};
	rootObject = 98F54143AB4E86B28C3AFEE0 /* Project object */;
}
